# This file is generated by running "yarn install" inside your project.
# Manual changes might be lost - proceed with caution!

__metadata:
  version: 4

"whatever@file:./deps/whatever::locator=yarn-pnp-test%40workspace%3A.":
  version: 1.0.0
  resolution: "whatever@file:./deps/whatever::locator=yarn-pnp-test%40workspace%3A."
  checksum: 2/813141b37b4a3c484653eb67804136b83084aa06dc7079300592413e539d017adc399f47980b3aa1b6e9857c1003c1786c0584bb8bb1c44960e7c80c4d08fefa
  languageName: node
  linkType: hard

"yarn-pnp-test@workspace:.":
  version: 0.0.0-use.local
  resolution: "yarn-pnp-test@workspace:."
  dependencies:
    whatever: "file:./deps/whatever"
  languageName: unknown
  linkType: soft
